Microsoft Visual Studio Solution File, Format Version 12.00
# Visual Studio Version 17
VisualStudioVersion = 17.5.2.0
MinimumVisualStudioVersion = 10.0.40219.1
Project("{FAE04EC0-301F-11D3-BF4B-00C04F79EFBC}") = "AC11", "AC11.csproj", "{68DFFF70-B177-21A9-FF27-C13594B10991}"
EndProject
Global
	GlobalSection(SolutionConfigurationPlatforms) = preSolution
		Debug|Any CPU = Debug|Any CPU
		Release|Any CPU = Release|Any CPU
	EndGlobalSection
	GlobalSection(ProjectConfigurationPlatforms) = postSolution
		{68DFFF70-B177-21A9-FF27-C13594B10991}.Debug|Any CPU.ActiveCfg = Debug|Any CPU
		{68DFFF70-B177-21A9-FF27-C13594B10991}.Debug|Any CPU.Build.0 = Debug|Any CPU
		{68DFFF70-B177-21A9-FF27-C13594B10991}.Release|Any CPU.ActiveCfg = Release|Any CPU
		{68DFFF70-B177-21A9-FF27-C13594B10991}.Release|Any CPU.Build.0 = Release|Any CPU
	EndGlobalSection
	GlobalSection(SolutionProperties) = preSolution
		HideSolutionNode = FALSE
	EndGlobalSection
	GlobalSection(ExtensibilityGlobals) = postSolution
		SolutionGuid = {59468FC4-8106-4AAC-8BB6-767507AF4EFD}
	EndGlobalSection
EndGlobal
