Microsoft Visual Studio Solution File, Format Version 12.00
# Visual Studio Version 17
VisualStudioVersion = 17.5.2.0
MinimumVisualStudioVersion = 10.0.40219.1
Project("{FAE04EC0-301F-11D3-BF4B-00C04F79EFBC}") = "PracticaJuego", "PracticaJuego.csproj", "{E888C6C7-87FC-F8D3-1DD1-2460570698F2}"
EndProject
Global
	GlobalSection(SolutionConfigurationPlatforms) = preSolution
		Debug|Any CPU = Debug|Any CPU
		Release|Any CPU = Release|Any CPU
	EndGlobalSection
	GlobalSection(ProjectConfigurationPlatforms) = postSolution
		{E888C6C7-87FC-F8D3-1DD1-2460570698F2}.Debug|Any CPU.ActiveCfg = Debug|Any CPU
		{E888C6C7-87FC-F8D3-1DD1-2460570698F2}.Debug|Any CPU.Build.0 = Debug|Any CPU
		{E888C6C7-87FC-F8D3-1DD1-2460570698F2}.Release|Any CPU.ActiveCfg = Release|Any CPU
		{E888C6C7-87FC-F8D3-1DD1-2460570698F2}.Release|Any CPU.Build.0 = Release|Any CPU
	EndGlobalSection
	GlobalSection(SolutionProperties) = preSolution
		HideSolutionNode = FALSE
	EndGlobalSection
	GlobalSection(ExtensibilityGlobals) = postSolution
		SolutionGuid = {A05A9C83-3638-40E5-A858-DD1854536A24}
	EndGlobalSection
EndGlobal
