Microsoft Visual Studio Solution File, Format Version 12.00
# Visual Studio Version 17
VisualStudioVersion = 17.5.2.0
MinimumVisualStudioVersion = 10.0.40219.1
Project("{FAE04EC0-301F-11D3-BF4B-00C04F79EFBC}") = "testNet", "testNet\testNet.csproj", "{C07DE5EF-E2C3-00AE-903A-CE38134A3297}"
EndProject
Global
	GlobalSection(SolutionConfigurationPlatforms) = preSolution
		Debug|Any CPU = Debug|Any CPU
		Release|Any CPU = Release|Any CPU
	EndGlobalSection
	GlobalSection(ProjectConfigurationPlatforms) = postSolution
		{C07DE5EF-E2C3-00AE-903A-CE38134A3297}.Debug|Any CPU.ActiveCfg = Debug|Any CPU
		{C07DE5EF-E2C3-00AE-903A-CE38134A3297}.Debug|Any CPU.Build.0 = Debug|Any CPU
		{C07DE5EF-E2C3-00AE-903A-CE38134A3297}.Release|Any CPU.ActiveCfg = Release|Any CPU
		{C07DE5EF-E2C3-00AE-903A-CE38134A3297}.Release|Any CPU.Build.0 = Release|Any CPU
	EndGlobalSection
	GlobalSection(SolutionProperties) = preSolution
		HideSolutionNode = FALSE
	EndGlobalSection
	GlobalSection(ExtensibilityGlobals) = postSolution
		SolutionGuid = {5F0E276E-4D3C-4A0A-9586-847E791BE7E8}
	EndGlobalSection
EndGlobal
